// !$*UTF8*$!
{
	archiveVersion = 1;
	classes = {
	};
	objectVersion = 46;
	objects = {

/* Begin PBXBuildFile section */
		9909CC4D199A46D0004B3265 /* Foundation.framework in Frameworks */ = {isa = PBXBuildFile; fileRef = 9909CC4C199A46D0004B3265 /* Foundation.framework */; };
		9909CC4F199A46D0004B3265 /* CoreGraphics.framework in Frameworks */ = {isa = PBXBuildFile; fileRef = 9909CC4E199A46D0004B3265 /* CoreGraphics.framework */; };
		9909CC51199A46D0004B3265 /* UIKit.framework in Frameworks */ = {isa = PBXBuildFile; fileRef = 9909CC50199A46D0004B3265 /* UIKit.framework */; };
		9909CC57199A46D0004B3265 /* InfoPlist.strings in Resources */ = {isa = PBXBuildFile; fileRef = 9909CC55199A46D0004B3265 /* InfoPlist.strings */; };
		9909CC59199A46D0004B3265 /* main.m in Sources */ = {isa = PBXBuildFile; fileRef = 9909CC58199A46D0004B3265 /* main.m */; };
		9909CC5D199A46D0004B3265 /* LZTAppDelegate.m in Sources */ = {isa = PBXBuildFile; fileRef = 9909CC5C199A46D0004B3265 /* LZTAppDelegate.m */; };
		9909CC60199A46D0004B3265 /* Main_iPhone.storyboard in Resources */ = {isa = PBXBuildFile; fileRef = 9909CC5E199A46D0004B3265 /* Main_iPhone.storyboard */; };
		9909CC63199A46D0004B3265 /* Main_iPad.storyboard in Resources */ = {isa = PBXBuildFile; fileRef = 9909CC61199A46D0004B3265 /* Main_iPad.storyboard */; };
		9909CC66199A46D0004B3265 /* LZTViewController.m in Sources */ = {isa = PBXBuildFile; fileRef = 9909CC65199A46D0004B3265 /* LZTViewController.m */; };
		9909CC68199A46D0004B3265 /* Images.xcassets in Resources */ = {isa = PBXBuildFile; fileRef = 9909CC67199A46D0004B3265 /* Images.xcassets */; };
		9909CC6F199A46D0004B3265 /* XCTest.framework in Frameworks */ = {isa = PBXBuildFile; fileRef = 9909CC6E199A46D0004B3265 /* XCTest.framework */; };
		9909CC70199A46D0004B3265 /* Foundation.framework in Frameworks */ = {isa = PBXBuildFile; fileRef = 9909CC4C199A46D0004B3265 /* Foundation.framework */; };
		9909CC71199A46D0004B3265 /* UIKit.framework in Frameworks */ = {isa = PBXBuildFile; fileRef = 9909CC50199A46D0004B3265 /* UIKit.framework */; };
		9909CC79199A46D0004B3265 /* InfoPlist.strings in Resources */ = {isa = PBXBuildFile; fileRef = 9909CC77199A46D0004B3265 /* InfoPlist.strings */; };
		9909CC7B199A46D0004B3265 /* FlowerPasswordTests.m in Sources */ = {isa = PBXBuildFile; fileRef = 9909CC7A199A46D0004B3265 /* FlowerPasswordTests.m */; };
		9965BC26199EFD0A007D9D5D /* LZTFlowerPassword.m in Sources */ = {isa = PBXBuildFile; fileRef = 9965BC25199EFD0A007D9D5D /* LZTFlowerPassword.m */; };
/* End PBXBuildFile section */

/* Begin PBXContainerItemProxy section */
		9909CC72199A46D0004B3265 /* PBXContainerItemProxy */ = {
			isa = PBXContainerItemProxy;
			containerPortal = 9909CC41199A46D0004B3265 /* Project object */;
			proxyType = 1;
			remoteGlobalIDString = 9909CC48199A46D0004B3265;
			remoteInfo = FlowerPassword;
		};
/* End PBXContainerItemProxy section */

/* Begin PBXFileReference section */
		9909CC49199A46D0004B3265 /* FlowerPassword.app */ = {isa = PBXFileReference; explicitFileType = wrapper.application; includeInIndex = 0; path = FlowerPassword.app; sourceTree = BUILT_PRODUCTS_DIR; };
		9909CC4C199A46D0004B3265 /* Foundation.framework */ = {isa = PBXFileReference; lastKnownFileType = wrapper.framework; name = Foundation.framework; path = System/Library/Frameworks/Foundation.framework; sourceTree = SDKROOT; };
		9909CC4E199A46D0004B3265 /* CoreGraphics.framework */ = {isa = PBXFileReference; lastKnownFileType = wrapper.framework; name = CoreGraphics.framework; path = System/Library/Frameworks/CoreGraphics.framework; sourceTree = SDKROOT; };
		9909CC50199A46D0004B3265 /* UIKit.framework */ = {isa = PBXFileReference; lastKnownFileType = wrapper.framework; name = UIKit.framework; path = System/Library/Frameworks/UIKit.framework; sourceTree = SDKROOT; };
		9909CC54199A46D0004B3265 /* FlowerPassword-Info.plist */ = {isa = PBXFileReference; lastKnownFileType = text.plist.xml; path = "FlowerPassword-Info.plist"; sourceTree = "<group>"; };
		9909CC56199A46D0004B3265 /* en */ = {isa = PBXFileReference; lastKnownFileType = text.plist.strings; name = en; path = en.lproj/InfoPlist.strings; sourceTree = "<group>"; };
		9909CC58199A46D0004B3265 /* main.m */ = {isa = PBXFileReference; lastKnownFileType = sourcecode.c.objc; path = main.m; sourceTree = "<group>"; };
		9909CC5A199A46D0004B3265 /* FlowerPassword-Prefix.pch */ = {isa = PBXFileReference; lastKnownFileType = sourcecode.c.h; path = "FlowerPassword-Prefix.pch"; sourceTree = "<group>"; };
		9909CC5B199A46D0004B3265 /* LZTAppDelegate.h */ = {isa = PBXFileReference; lastKnownFileType = sourcecode.c.h; path = LZTAppDelegate.h; sourceTree = "<group>"; };
		9909CC5C199A46D0004B3265 /* LZTAppDelegate.m */ = {isa = PBXFileReference; lastKnownFileType = sourcecode.c.objc; path = LZTAppDelegate.m; sourceTree = "<group>"; };
		9909CC5F199A46D0004B3265 /* Base */ = {isa = PBXFileReference; lastKnownFileType = file.storyboard; name = Base; path = Base.lproj/Main_iPhone.storyboard; sourceTree = "<group>"; };
		9909CC62199A46D0004B3265 /* Base */ = {isa = PBXFileReference; lastKnownFileType = file.storyboard; name = Base; path = Base.lproj/Main_iPad.storyboard; sourceTree = "<group>"; };
		9909CC64199A46D0004B3265 /* LZTViewController.h */ = {isa = PBXFileReference; lastKnownFileType = sourcecode.c.h; path = LZTViewController.h; sourceTree = "<group>"; };
		9909CC65199A46D0004B3265 /* LZTViewController.m */ = {isa = PBXFileReference; lastKnownFileType = sourcecode.c.objc; path = LZTViewController.m; sourceTree = "<group>"; };
		9909CC67199A46D0004B3265 /* Images.xcassets */ = {isa = PBXFileReference; lastKnownFileType = folder.assetcatalog; path = Images.xcassets; sourceTree = "<group>"; };
		9909CC6D199A46D0004B3265 /* FlowerPasswordTests.xctest */ = {isa = PBXFileReference; explicitFileType = wrapper.cfbundle; includeInIndex = 0; path = FlowerPasswordTests.xctest; sourceTree = BUILT_PRODUCTS_DIR; };
		9909CC6E199A46D0004B3265 /* XCTest.framework */ = {isa = PBXFileReference; lastKnownFileType = wrapper.framework; name = XCTest.framework; path = Library/Frameworks/XCTest.framework; sourceTree = DEVELOPER_DIR; };
		9909CC76199A46D0004B3265 /* FlowerPasswordTests-Info.plist */ = {isa = PBXFileReference; lastKnownFileType = text.plist.xml; path = "FlowerPasswordTests-Info.plist"; sourceTree = "<group>"; };
		9909CC78199A46D0004B3265 /* en */ = {isa = PBXFileReference; lastKnownFileType = text.plist.strings; name = en; path = en.lproj/InfoPlist.strings; sourceTree = "<group>"; };
		9909CC7A199A46D0004B3265 /* FlowerPasswordTests.m */ = {isa = PBXFileReference; lastKnownFileType = sourcecode.c.objc; path = FlowerPasswordTests.m; sourceTree = "<group>"; };
		9965BC24199EFD0A007D9D5D /* LZTFlowerPassword.h */ = {isa = PBXFileReference; fileEncoding = 4; lastKnownFileType = sourcecode.c.h; path = LZTFlowerPassword.h; sourceTree = "<group>"; };
		9965BC25199EFD0A007D9D5D /* LZTFlowerPassword.m */ = {isa = PBXFileReference; fileEncoding = 4; lastKnownFileType = sourcecode.c.objc; path = LZTFlowerPassword.m; sourceTree = "<group>"; };
		9965BC73199F5DDD007D9D5D /* zh-Hans */ = {isa = PBXFileReference; lastKnownFileType = text.plist.strings; name = "zh-Hans"; path = "zh-Hans.lproj/Main_iPhone.strings"; sourceTree = "<group>"; };
		9965BC74199F5DDD007D9D5D /* zh-Hans */ = {isa = PBXFileReference; lastKnownFileType = text.plist.strings; name = "zh-Hans"; path = "zh-Hans.lproj/Main_iPad.strings"; sourceTree = "<group>"; };
		9965BC75199F5DDD007D9D5D /* zh-Hans */ = {isa = PBXFileReference; lastKnownFileType = text.plist.strings; name = "zh-Hans"; path = "zh-Hans.lproj/InfoPlist.strings"; sourceTree = "<group>"; };
		9965BC76199F5DDD007D9D5D /* zh-Hans */ = {isa = PBXFileReference; lastKnownFileType = text.plist.strings; name = "zh-Hans"; path = "zh-Hans.lproj/InfoPlist.strings"; sourceTree = "<group>"; };
/* End PBXFileReference section */

/* Begin PBXFrameworksBuildPhase section */
		9909CC46199A46D0004B3265 /* Frameworks */ = {
			isa = PBXFrameworksBuildPhase;
			buildActionMask = 2147483647;
			files = (
				9909CC4F199A46D0004B3265 /* CoreGraphics.framework in Frameworks */,
				9909CC51199A46D0004B3265 /* UIKit.framework in Frameworks */,
				9909CC4D199A46D0004B3265 /* Foundation.framework in Frameworks */,
			);
			runOnlyForDeploymentPostprocessing = 0;
		};
		9909CC6A199A46D0004B3265 /* Frameworks */ = {
			isa = PBXFrameworksBuildPhase;
			buildActionMask = 2147483647;
			files = (
				9909CC6F199A46D0004B3265 /* XCTest.framework in Frameworks */,
				9909CC71199A46D0004B3265 /* UIKit.framework in Frameworks */,
				9909CC70199A46D0004B3265 /* Foundation.framework in Frameworks */,
			);
			runOnlyForDeploymentPostprocessing = 0;
		};
/* End PBXFrameworksBuildPhase section */

/* Begin PBXGroup section */
		9909CC40199A46D0004B3265 = {
			isa = PBXGroup;
			children = (
				9909CC52199A46D0004B3265 /* FlowerPassword */,
				9909CC74199A46D0004B3265 /* FlowerPasswordTests */,
				9909CC4B199A46D0004B3265 /* Frameworks */,
				9909CC4A199A46D0004B3265 /* Products */,
			);
			sourceTree = "<group>";
		};
		9909CC4A199A46D0004B3265 /* Products */ = {
			isa = PBXGroup;
			children = (
				9909CC49199A46D0004B3265 /* FlowerPassword.app */,
				9909CC6D199A46D0004B3265 /* FlowerPasswordTests.xctest */,
			);
			name = Products;
			sourceTree = "<group>";
		};
		9909CC4B199A46D0004B3265 /* Frameworks */ = {
			isa = PBXGroup;
			children = (
				9909CC4C199A46D0004B3265 /* Foundation.framework */,
				9909CC4E199A46D0004B3265 /* CoreGraphics.framework */,
				9909CC50199A46D0004B3265 /* UIKit.framework */,
				9909CC6E199A46D0004B3265 /* XCTest.framework */,
			);
			name = Frameworks;
			sourceTree = "<group>";
		};
		9909CC52199A46D0004B3265 /* FlowerPassword */ = {
			isa = PBXGroup;
			children = (
				9909CC5B199A46D0004B3265 /* LZTAppDelegate.h */,
				9909CC5C199A46D0004B3265 /* LZTAppDelegate.m */,
				9909CC5E199A46D0004B3265 /* Main_iPhone.storyboard */,
				9909CC61199A46D0004B3265 /* Main_iPad.storyboard */,
				9909CC64199A46D0004B3265 /* LZTViewController.h */,
				9909CC65199A46D0004B3265 /* LZTViewController.m */,
				9965BC24199EFD0A007D9D5D /* LZTFlowerPassword.h */,
				9965BC25199EFD0A007D9D5D /* LZTFlowerPassword.m */,
				9909CC67199A46D0004B3265 /* Images.xcassets */,
				9909CC53199A46D0004B3265 /* Supporting Files */,
			);
			path = FlowerPassword;
			sourceTree = "<group>";
		};
		9909CC53199A46D0004B3265 /* Supporting Files */ = {
			isa = PBXGroup;
			children = (
				9909CC54199A46D0004B3265 /* FlowerPassword-Info.plist */,
				9909CC55199A46D0004B3265 /* InfoPlist.strings */,
				9909CC58199A46D0004B3265 /* main.m */,
				9909CC5A199A46D0004B3265 /* FlowerPassword-Prefix.pch */,
			);
			name = "Supporting Files";
			sourceTree = "<group>";
		};
		9909CC74199A46D0004B3265 /* FlowerPasswordTests */ = {
			isa = PBXGroup;
			children = (
				9909CC7A199A46D0004B3265 /* FlowerPasswordTests.m */,
				9909CC75199A46D0004B3265 /* Supporting Files */,
			);
			path = FlowerPasswordTests;
			sourceTree = "<group>";
		};
		9909CC75199A46D0004B3265 /* Supporting Files */ = {
			isa = PBXGroup;
			children = (
				9909CC76199A46D0004B3265 /* FlowerPasswordTests-Info.plist */,
				9909CC77199A46D0004B3265 /* InfoPlist.strings */,
			);
			name = "Supporting Files";
			sourceTree = "<group>";
		};
/* End PBXGroup section */

/* Begin PBXNativeTarget section */
		9909CC48199A46D0004B3265 /* FlowerPassword */ = {
			isa = PBXNativeTarget;
			buildConfigurationList = 9909CC7E199A46D0004B3265 /* Build configuration list for PBXNativeTarget "FlowerPassword" */;
			buildPhases = (
				9909CC45199A46D0004B3265 /* Sources */,
				9909CC46199A46D0004B3265 /* Frameworks */,
				9909CC47199A46D0004B3265 /* Resources */,
			);
			buildRules = (
			);
			dependencies = (
			);
			name = FlowerPassword;
			productName = FlowerPassword;
			productReference = 9909CC49199A46D0004B3265 /* FlowerPassword.app */;
			productType = "com.apple.product-type.application";
		};
		9909CC6C199A46D0004B3265 /* FlowerPasswordTests */ = {
			isa = PBXNativeTarget;
			buildConfigurationList = 9909CC81199A46D0004B3265 /* Build configuration list for PBXNativeTarget "FlowerPasswordTests" */;
			buildPhases = (
				9909CC69199A46D0004B3265 /* Sources */,
				9909CC6A199A46D0004B3265 /* Frameworks */,
				9909CC6B199A46D0004B3265 /* Resources */,
			);
			buildRules = (
			);
			dependencies = (
				9909CC73199A46D0004B3265 /* PBXTargetDependency */,
			);
			name = FlowerPasswordTests;
			productName = FlowerPasswordTests;
			productReference = 9909CC6D199A46D0004B3265 /* FlowerPasswordTests.xctest */;
			productType = "com.apple.product-type.bundle.unit-test";
		};
/* End PBXNativeTarget section */

/* Begin PBXProject section */
		9909CC41199A46D0004B3265 /* Project object */ = {
			isa = PBXProject;
			attributes = {
				CLASSPREFIX = LZT;
				LastUpgradeCheck = 0510;
				ORGANIZATIONNAME = "Xiao Lu Software Development Group";
				TargetAttributes = {
					9909CC48199A46D0004B3265 = {
						DevelopmentTeam = BNCK9S5CVL;
					};
					9909CC6C199A46D0004B3265 = {
						TestTargetID = 9909CC48199A46D0004B3265;
					};
				};
			};
			buildConfigurationList = 9909CC44199A46D0004B3265 /* Build configuration list for PBXProject "FlowerPassword" */;
			compatibilityVersion = "Xcode 3.2";
			developmentRegion = English;
			hasScannedForEncodings = 0;
			knownRegions = (
				en,
				Base,
				"zh-Hans",
			);
			mainGroup = 9909CC40199A46D0004B3265;
			productRefGroup = 9909CC4A199A46D0004B3265 /* Products */;
			projectDirPath = "";
			projectRoot = "";
			targets = (
				9909CC48199A46D0004B3265 /* FlowerPassword */,
				9909CC6C199A46D0004B3265 /* FlowerPasswordTests */,
			);
		};
/* End PBXProject section */

/* Begin PBXResourcesBuildPhase section */
		9909CC47199A46D0004B3265 /* Resources */ = {
			isa = PBXResourcesBuildPhase;
			buildActionMask = 2147483647;
			files = (
				9909CC63199A46D0004B3265 /* Main_iPad.storyboard in Resources */,
				9909CC68199A46D0004B3265 /* Images.xcassets in Resources */,
				9909CC60199A46D0004B3265 /* Main_iPhone.storyboard in Resources */,
				9909CC57199A46D0004B3265 /* InfoPlist.strings in Resources */,
			);
			runOnlyForDeploymentPostprocessing = 0;
		};
		9909CC6B199A46D0004B3265 /* Resources */ = {
			isa = PBXResourcesBuildPhase;
			buildActionMask = 2147483647;
			files = (
				9909CC79199A46D0004B3265 /* InfoPlist.strings in Resources */,
			);
			runOnlyForDeploymentPostprocessing = 0;
		};
/* End PBXResourcesBuildPhase section */

/* Begin PBXSourcesBuildPhase section */
		9909CC45199A46D0004B3265 /* Sources */ = {
			isa = PBXSourcesBuildPhase;
			buildActionMask = 2147483647;
			files = (
				9909CC66199A46D0004B3265 /* LZTViewController.m in Sources */,
				9909CC59199A46D0004B3265 /* main.m in Sources */,
				9965BC26199EFD0A007D9D5D /* LZTFlowerPassword.m in Sources */,
				9909CC5D199A46D0004B3265 /* LZTAppDelegate.m in Sources */,
			);
			runOnlyForDeploymentPostprocessing = 0;
		};
		9909CC69199A46D0004B3265 /* Sources */ = {
			isa = PBXSourcesBuildPhase;
			buildActionMask = 2147483647;
			files = (
				9909CC7B199A46D0004B3265 /* FlowerPasswordTests.m in Sources */,
			);
			runOnlyForDeploymentPostprocessing = 0;
		};
/* End PBXSourcesBuildPhase section */

/* Begin PBXTargetDependency section */
		9909CC73199A46D0004B3265 /* PBXTargetDependency */ = {
			isa = PBXTargetDependency;
			target = 9909CC48199A46D0004B3265 /* FlowerPassword */;
			targetProxy = 9909CC72199A46D0004B3265 /* PBXContainerItemProxy */;
		};
/* End PBXTargetDependency section */

/* Begin PBXVariantGroup section */
		9909CC55199A46D0004B3265 /* InfoPlist.strings */ = {
			isa = PBXVariantGroup;
			children = (
				9909CC56199A46D0004B3265 /* en */,
				9965BC75199F5DDD007D9D5D /* zh-Hans */,
			);
			name = InfoPlist.strings;
			sourceTree = "<group>";
		};
		9909CC5E199A46D0004B3265 /* Main_iPhone.storyboard */ = {
			isa = PBXVariantGroup;
			children = (
				9909CC5F199A46D0004B3265 /* Base */,
				9965BC73199F5DDD007D9D5D /* zh-Hans */,
			);
			name = Main_iPhone.storyboard;
			sourceTree = "<group>";
		};
		9909CC61199A46D0004B3265 /* Main_iPad.storyboard */ = {
			isa = PBXVariantGroup;
			children = (
				9909CC62199A46D0004B3265 /* Base */,
				9965BC74199F5DDD007D9D5D /* zh-Hans */,
			);
			name = Main_iPad.storyboard;
			sourceTree = "<group>";
		};
		9909CC77199A46D0004B3265 /* InfoPlist.strings */ = {
			isa = PBXVariantGroup;
			children = (
				9909CC78199A46D0004B3265 /* en */,
				9965BC76199F5DDD007D9D5D /* zh-Hans */,
			);
			name = InfoPlist.strings;
			sourceTree = "<group>";
		};
/* End PBXVariantGroup section */

/* Begin XCBuildConfiguration section */
		9909CC7C199A46D0004B3265 /* Debug */ = {
			isa = XCBuildConfiguration;
			buildSettings = {
				ALWAYS_SEARCH_USER_PATHS = NO;
				CLANG_CXX_LANGUAGE_STANDARD = "gnu++0x";
				CLANG_CXX_LIBRARY = "libc++";
				CLANG_ENABLE_MODULES = YES;
				CLANG_ENABLE_OBJC_ARC = YES;
				CLANG_WARN_BOOL_CONVERSION = YES;
				CLANG_WARN_CONSTANT_CONVERSION = YES;
				CLANG_WARN_DIRECT_OBJC_ISA_USAGE = YES_ERROR;
				CLANG_WARN_EMPTY_BODY = YES;
				CLANG_WARN_ENUM_CONVERSION = YES;
				CLANG_WARN_INT_CONVERSION = YES;
				CLANG_WARN_OBJC_ROOT_CLASS = YES_ERROR;
				CLANG_WARN__DUPLICATE_METHOD_MATCH = YES;
				"CODE_SIGN_IDENTITY[sdk=iphoneos*]" = "iPhone Developer";
				COPY_PHASE_STRIP = NO;
				GCC_C_LANGUAGE_STANDARD = gnu99;
				GCC_DYNAMIC_NO_PIC = NO;
				GCC_OPTIMIZATION_LEVEL = 0;
				GCC_PREPROCESSOR_DEFINITIONS = (
					"DEBUG=1",
					"$(inherited)",
				);
				GCC_SYMBOLS_PRIVATE_EXTERN = NO;
				GCC_WARN_64_TO_32_BIT_CONVERSION = YES;
				GCC_WARN_ABOUT_RETURN_TYPE = YES_ERROR;
				GCC_WARN_UNDECLARED_SELECTOR = YES;
				GCC_WARN_UNINITIALIZED_AUTOS = YES_AGGRESSIVE;
				GCC_WARN_UNUSED_FUNCTION = YES;
				GCC_WARN_UNUSED_VARIABLE = YES;
				IPHONEOS_DEPLOYMENT_TARGET = 7.1;
				ONLY_ACTIVE_ARCH = YES;
				SDKROOT = iphoneos;
				TARGETED_DEVICE_FAMILY = "1,2";
			};
			name = Debug;
		};
		9909CC7D199A46D0004B3265 /* Release */ = {
			isa = XCBuildConfiguration;
			buildSettings = {
				ALWAYS_SEARCH_USER_PATHS = NO;
				CLANG_CXX_LANGUAGE_STANDARD = "gnu++0x";
				CLANG_CXX_LIBRARY = "libc++";
				CLANG_ENABLE_MODULES = YES;
				CLANG_ENABLE_OBJC_ARC = YES;
				CLANG_WARN_BOOL_CONVERSION = YES;
				CLANG_WARN_CONSTANT_CONVERSION = YES;
				CLANG_WARN_DIRECT_OBJC_ISA_USAGE = YES_ERROR;
				CLANG_WARN_EMPTY_BODY = YES;
				CLANG_WARN_ENUM_CONVERSION = YES;
				CLANG_WARN_INT_CONVERSION = YES;
				CLANG_WARN_OBJC_ROOT_CLASS = YES_ERROR;
				CLANG_WARN__DUPLICATE_METHOD_MATCH = YES;
				"CODE_SIGN_IDENTITY[sdk=iphoneos*]" = "iPhone Developer";
				COPY_PHASE_STRIP = YES;
				ENABLE_NS_ASSERTIONS = NO;
				GCC_C_LANGUAGE_STANDARD = gnu99;
				GCC_WARN_64_TO_32_BIT_CONVERSION = YES;
				GCC_WARN_ABOUT_RETURN_TYPE = YES_ERROR;
				GCC_WARN_UNDECLARED_SELECTOR = YES;
				GCC_WARN_UNINITIALIZED_AUTOS = YES_AGGRESSIVE;
				GCC_WARN_UNUSED_FUNCTION = YES;
				GCC_WARN_UNUSED_VARIABLE = YES;
				IPHONEOS_DEPLOYMENT_TARGET = 7.1;
				SDKROOT = iphoneos;
				TARGETED_DEVICE_FAMILY = "1,2";
				VALIDATE_PRODUCT = YES;
			};
			name = Release;
		};
		9909CC7F199A46D0004B3265 /* Debug */ = {
			isa = XCBuildConfiguration;
			buildSettings = {
				ASSETCATALOG_COMPILER_APPICON_NAME = AppIcon;
				ASSETCATALOG_COMPILER_LAUNCHIMAGE_NAME = LaunchImage;
				CODE_SIGN_IDENTITY = "iPhone Developer";
				GCC_PRECOMPILE_PREFIX_HEADER = YES;
				GCC_PREFIX_HEADER = "FlowerPassword/FlowerPassword-Prefix.pch";
				INFOPLIST_FILE = "FlowerPassword/FlowerPassword-Info.plist";
				IPHONEOS_DEPLOYMENT_TARGET = 7.0;
				PRODUCT_NAME = "$(TARGET_NAME)";
				WRAPPER_EXTENSION = app;
			};
			name = Debug;
		};
		9909CC80199A46D0004B3265 /* Release */ = {
			isa = XCBuildConfiguration;
			buildSettings = {
				ASSETCATALOG_COMPILER_APPICON_NAME = AppIcon;
				ASSETCATALOG_COMPILER_LAUNCHIMAGE_NAME = LaunchImage;
				CODE_SIGN_IDENTITY = "iPhone Distribution";
				GCC_PRECOMPILE_PREFIX_HEADER = YES;
				GCC_PREFIX_HEADER = "FlowerPassword/FlowerPassword-Prefix.pch";
				INFOPLIST_FILE = "FlowerPassword/FlowerPassword-Info.plist";
				IPHONEOS_DEPLOYMENT_TARGET = 7.0;
				PRODUCT_NAME = "$(TARGET_NAME)";
				WRAPPER_EXTENSION = app;
			};
			name = Release;
		};
		9909CC82199A46D0004B3265 /* Debug */ = {
			isa = XCBuildConfiguration;
			buildSettings = {
				BUNDLE_LOADER = "$(BUILT_PRODUCTS_DIR)/FlowerPassword.app/FlowerPassword";
				FRAMEWORK_SEARCH_PATHS = (
					"$(SDKROOT)/Developer/Library/Frameworks",
					"$(inherited)",
					"$(DEVELOPER_FRAMEWORKS_DIR)",
				);
				GCC_PRECOMPILE_PREFIX_HEADER = YES;
				GCC_PREFIX_HEADER = "FlowerPassword/FlowerPassword-Prefix.pch";
				GCC_PREPROCESSOR_DEFINITIONS = (
					"DEBUG=1",
					"$(inherited)",
				);
				INFOPLIST_FILE = "FlowerPasswordTests/FlowerPasswordTests-Info.plist";
				PRODUCT_NAME = "$(TARGET_NAME)";
				TEST_HOST = "$(BUNDLE_LOADER)";
				WRAPPER_EXTENSION = xctest;
			};
			name = Debug;
		};
		9909CC83199A46D0004B3265 /* Release */ = {
			isa = XCBuildConfiguration;
			buildSettings = {
				BUNDLE_LOADER = "$(BUILT_PRODUCTS_DIR)/FlowerPassword.app/FlowerPassword";
				FRAMEWORK_SEARCH_PATHS = (
					"$(SDKROOT)/Developer/Library/Frameworks",
					"$(inherited)",
					"$(DEVELOPER_FRAMEWORKS_DIR)",
				);
				GCC_PRECOMPILE_PREFIX_HEADER = YES;
				GCC_PREFIX_HEADER = "FlowerPassword/FlowerPassword-Prefix.pch";
				INFOPLIST_FILE = "FlowerPasswordTests/FlowerPasswordTests-Info.plist";
				PRODUCT_NAME = "$(TARGET_NAME)";
				TEST_HOST = "$(BUNDLE_LOADER)";
				WRAPPER_EXTENSION = xctest;
			};
			name = Release;
		};
/* End XCBuildConfiguration section */

/* Begin XCConfigurationList section */
		9909CC44199A46D0004B3265 /* Build configuration list for PBXProject "FlowerPassword" */ = {
			isa = XCConfigurationList;
			buildConfigurations = (
				9909CC7C199A46D0004B3265 /* Debug */,
				9909CC7D199A46D0004B3265 /* Release */,
			);
			defaultConfigurationIsVisible = 0;
			defaultConfigurationName = Release;
		};
		9909CC7E199A46D0004B3265 /* Build configuration list for PBXNativeTarget "FlowerPassword" */ = {
			isa = XCConfigurationList;
			buildConfigurations = (
				9909CC7F199A46D0004B3265 /* Debug */,
				9909CC80199A46D0004B3265 /* Release */,
			);
			defaultConfigurationIsVisible = 0;
			defaultConfigurationName = Release;
		};
		9909CC81199A46D0004B3265 /* Build configuration list for PBXNativeTarget "FlowerPasswordTests" */ = {
			isa = XCConfigurationList;
			buildConfigurations = (
				9909CC82199A46D0004B3265 /* Debug */,
				9909CC83199A46D0004B3265 /* Release */,
			);
			defaultConfigurationIsVisible = 0;
			defaultConfigurationName = Release;
		};
/* End XCConfigurationList section */
	};
	rootObject = 9909CC41199A46D0004B3265 /* Project object */;
}
